
Microsoft Visual Studio Solution File, Format Version 12.00
# Visual Studio Version 16
VisualStudioVersion = 16.0.32929.386
MinimumVisualStudioVersion = 10.0.40219.1
Project("{FAE04EC0-301F-11D3-BF4B-00C04F79EFBC}") = "000TypesAndVariables", "000TypesAndVariables\000TypesAndVariables.csproj", "{97EDD9BD-3B4B-4E73-91AA-C26B957AD326}"
EndProject
Global
	GlobalSection(SolutionConfigurationPlatforms) = preSolution
		Debug|Any CPU = Debug|Any CPU
		Release|Any CPU = Release|Any CPU
	EndGlobalSection
	GlobalSection(ProjectConfigurationPlatforms) = postSolution
		{97EDD9BD-3B4B-4E73-91AA-C26B957AD326}.Debug|Any CPU.ActiveCfg = Debug|Any CPU
		{97EDD9BD-3B4B-4E73-91AA-C26B957AD326}.Debug|Any CPU.Build.0 = Debug|Any CPU
		{97EDD9BD-3B4B-4E73-91AA-C26B957AD326}.Release|Any CPU.ActiveCfg = Release|Any CPU
		{97EDD9BD-3B4B-4E73-91AA-C26B957AD326}.Release|Any CPU.Build.0 = Release|Any CPU
	EndGlobalSection
	GlobalSection(SolutionProperties) = preSolution
		HideSolutionNode = FALSE
	EndGlobalSection
	GlobalSection(ExtensibilityGlobals) = postSolution
		SolutionGuid = {D538A86E-6251-4187-B2F2-8A9F54190142}
	EndGlobalSection
EndGlobal
