
Microsoft Visual Studio Solution File, Format Version 12.00
# Visual Studio Version 17
VisualStudioVersion = 17.1.32228.430
MinimumVisualStudioVersion = 10.0.40219.1
Project("{FAE04EC0-301F-11D3-BF4B-00C04F79EFBC}") = "000TypesAndVariables", "000TypesAndVariables\000TypesAndVariables.csproj", "{97EDD9BD-3B4B-4E73-91AA-C26B957AD326}"
EndProject
Project("{FAE04EC0-301F-11D3-BF4B-00C04F79EFBC}") = "001Conditionals", "001Conditionals\001Conditionals.csproj", "{A60F34CD-60DD-4143-B037-F6BFE403F523}"
EndProject
Project("{FAE04EC0-301F-11D3-BF4B-00C04F79EFBC}") = "002Methods", "002Methods\002Methods.csproj", "{193B941C-D6D7-4D7E-A217-2422428B4FC9}"
EndProject
Project("{FAE04EC0-301F-11D3-BF4B-00C04F79EFBC}") = "003Arrays", "003Arrays\003Arrays.csproj", "{CF0E9271-FA7A-4BE1-871B-6E2B65A21A4E}"
EndProject
Project("{FAE04EC0-301F-11D3-BF4B-00C04F79EFBC}") = "004Loops", "004Loops\004Loops.csproj", "{F005AF55-9972-4563-B633-D3FBDBCDB649}"
EndProject
Project("{FAE04EC0-301F-11D3-BF4B-00C04F79EFBC}") = "005Strings", "005Strings\005Strings.csproj", "{F6CDB0BF-0157-4982-9DA5-D6DC49607ACB}"
EndProject
Project("{FAE04EC0-301F-11D3-BF4B-00C04F79EFBC}") = "006Classes", "006Classes\006Classes.csproj", "{02733603-9066-4E45-9ADF-A7AC4229A199}"
EndProject
Project("{FAE04EC0-301F-11D3-BF4B-00C04F79EFBC}") = "CheckerBoardDemo", "CheckerBoardDemo\CheckerBoardDemo.csproj", "{B9ECB514-DF25-4807-9A71-367F44CAA2F2}"
EndProject
Project("{FAE04EC0-301F-11D3-BF4B-00C04F79EFBC}") = "007Interfaces", "007Interfaces\007Interfaces.csproj", "{CF7C3007-0889-4379-AFCF-25DC35EB7A66}"
EndProject
Project("{FAE04EC0-301F-11D3-BF4B-00C04F79EFBC}") = "InterfacesDemo", "InterfacesDemo\InterfacesDemo.csproj", "{A3D89EC5-4F9E-41E6-8F0F-42573CD5FABE}"
EndProject
Project("{FAE04EC0-301F-11D3-BF4B-00C04F79EFBC}") = "008Inheritance", "008Inheritance\008Inheritance.csproj", "{237B994E-A1B1-4595-B9B4-77A8A9741258}"
EndProject
Project("{FAE04EC0-301F-11D3-BF4B-00C04F79EFBC}") = "009VirtualMethods", "009VirtualMethods\009VirtualMethods.csproj", "{32566DFC-6194-4BCC-AA1E-635D10FE579C}"
EndProject
Project("{FAE04EC0-301F-11D3-BF4B-00C04F79EFBC}") = "010AbstractClasses", "010AbstractClasses\010AbstractClasses.csproj", "{3C866938-FE0F-48EF-A376-BD7837531FE2}"
EndProject
Project("{FAE04EC0-301F-11D3-BF4B-00C04F79EFBC}") = "RecapDemo", "RecapDemo\RecapDemo.csproj", "{A344B434-804E-4CAF-84DB-52C17534BE5F}"
EndProject
Project("{FAE04EC0-301F-11D3-BF4B-00C04F79EFBC}") = "011AccessModifiers", "011AccessModifiers\011AccessModifiers.csproj", "{0E8F02BD-FEF9-47FF-BDC8-AEE5C388ACD5}"
EndProject
Project("{FAE04EC0-301F-11D3-BF4B-00C04F79EFBC}") = "AccessModifiersDemo", "AccessModifiersDemo\AccessModifiersDemo.csproj", "{AF237770-2B3E-4404-BB14-5632E06BA8A5}"
EndProject
Project("{FAE04EC0-301F-11D3-BF4B-00C04F79EFBC}") = "012Constructors", "012Constructors\012Constructors.csproj", "{9AE0218F-7912-4B14-819C-36F19DB6C8AE}"
EndProject
Project("{FAE04EC0-301F-11D3-BF4B-00C04F79EFBC}") = "013ReferenceAndValueType", "013ReferenceAndValueType\013ReferenceAndValueType.csproj", "{69AED4C0-0C45-4C29-B3B7-E2B76CFADBB7}"
EndProject
Project("{FAE04EC0-301F-11D3-BF4B-00C04F79EFBC}") = "014Collections", "014Collections\014Collections.csproj", "{31B79A35-7097-4FA2-9CE9-85DFAF130780}"
EndProject
Global
	GlobalSection(SolutionConfigurationPlatforms) = preSolution
		Debug|Any CPU = Debug|Any CPU
		Debug|x86 = Debug|x86
		Release|Any CPU = Release|Any CPU
		Release|x86 = Release|x86
	EndGlobalSection
	GlobalSection(ProjectConfigurationPlatforms) = postSolution
		{97EDD9BD-3B4B-4E73-91AA-C26B957AD326}.Debug|Any CPU.ActiveCfg = Debug|Any CPU
		{97EDD9BD-3B4B-4E73-91AA-C26B957AD326}.Debug|Any CPU.Build.0 = Debug|Any CPU
		{97EDD9BD-3B4B-4E73-91AA-C26B957AD326}.Debug|x86.ActiveCfg = Debug|Any CPU
		{97EDD9BD-3B4B-4E73-91AA-C26B957AD326}.Debug|x86.Build.0 = Debug|Any CPU
		{97EDD9BD-3B4B-4E73-91AA-C26B957AD326}.Release|Any CPU.ActiveCfg = Release|Any CPU
		{97EDD9BD-3B4B-4E73-91AA-C26B957AD326}.Release|Any CPU.Build.0 = Release|Any CPU
		{97EDD9BD-3B4B-4E73-91AA-C26B957AD326}.Release|x86.ActiveCfg = Release|Any CPU
		{97EDD9BD-3B4B-4E73-91AA-C26B957AD326}.Release|x86.Build.0 = Release|Any CPU
		{A60F34CD-60DD-4143-B037-F6BFE403F523}.Debug|Any CPU.ActiveCfg = Debug|Any CPU
		{A60F34CD-60DD-4143-B037-F6BFE403F523}.Debug|Any CPU.Build.0 = Debug|Any CPU
		{A60F34CD-60DD-4143-B037-F6BFE403F523}.Debug|x86.ActiveCfg = Debug|Any CPU
		{A60F34CD-60DD-4143-B037-F6BFE403F523}.Debug|x86.Build.0 = Debug|Any CPU
		{A60F34CD-60DD-4143-B037-F6BFE403F523}.Release|Any CPU.ActiveCfg = Release|Any CPU
		{A60F34CD-60DD-4143-B037-F6BFE403F523}.Release|Any CPU.Build.0 = Release|Any CPU
		{A60F34CD-60DD-4143-B037-F6BFE403F523}.Release|x86.ActiveCfg = Release|Any CPU
		{A60F34CD-60DD-4143-B037-F6BFE403F523}.Release|x86.Build.0 = Release|Any CPU
		{193B941C-D6D7-4D7E-A217-2422428B4FC9}.Debug|Any CPU.ActiveCfg = Debug|Any CPU
		{193B941C-D6D7-4D7E-A217-2422428B4FC9}.Debug|Any CPU.Build.0 = Debug|Any CPU
		{193B941C-D6D7-4D7E-A217-2422428B4FC9}.Debug|x86.ActiveCfg = Debug|Any CPU
		{193B941C-D6D7-4D7E-A217-2422428B4FC9}.Debug|x86.Build.0 = Debug|Any CPU
		{193B941C-D6D7-4D7E-A217-2422428B4FC9}.Release|Any CPU.ActiveCfg = Release|Any CPU
		{193B941C-D6D7-4D7E-A217-2422428B4FC9}.Release|Any CPU.Build.0 = Release|Any CPU
		{193B941C-D6D7-4D7E-A217-2422428B4FC9}.Release|x86.ActiveCfg = Release|Any CPU
		{193B941C-D6D7-4D7E-A217-2422428B4FC9}.Release|x86.Build.0 = Release|Any CPU
		{CF0E9271-FA7A-4BE1-871B-6E2B65A21A4E}.Debug|Any CPU.ActiveCfg = Debug|Any CPU
		{CF0E9271-FA7A-4BE1-871B-6E2B65A21A4E}.Debug|Any CPU.Build.0 = Debug|Any CPU
		{CF0E9271-FA7A-4BE1-871B-6E2B65A21A4E}.Debug|x86.ActiveCfg = Debug|Any CPU
		{CF0E9271-FA7A-4BE1-871B-6E2B65A21A4E}.Debug|x86.Build.0 = Debug|Any CPU
		{CF0E9271-FA7A-4BE1-871B-6E2B65A21A4E}.Release|Any CPU.ActiveCfg = Release|Any CPU
		{CF0E9271-FA7A-4BE1-871B-6E2B65A21A4E}.Release|Any CPU.Build.0 = Release|Any CPU
		{CF0E9271-FA7A-4BE1-871B-6E2B65A21A4E}.Release|x86.ActiveCfg = Release|Any CPU
		{CF0E9271-FA7A-4BE1-871B-6E2B65A21A4E}.Release|x86.Build.0 = Release|Any CPU
		{F005AF55-9972-4563-B633-D3FBDBCDB649}.Debug|Any CPU.ActiveCfg = Debug|Any CPU
		{F005AF55-9972-4563-B633-D3FBDBCDB649}.Debug|Any CPU.Build.0 = Debug|Any CPU
		{F005AF55-9972-4563-B633-D3FBDBCDB649}.Debug|x86.ActiveCfg = Debug|Any CPU
		{F005AF55-9972-4563-B633-D3FBDBCDB649}.Debug|x86.Build.0 = Debug|Any CPU
		{F005AF55-9972-4563-B633-D3FBDBCDB649}.Release|Any CPU.ActiveCfg = Release|Any CPU
		{F005AF55-9972-4563-B633-D3FBDBCDB649}.Release|Any CPU.Build.0 = Release|Any CPU
		{F005AF55-9972-4563-B633-D3FBDBCDB649}.Release|x86.ActiveCfg = Release|Any CPU
		{F005AF55-9972-4563-B633-D3FBDBCDB649}.Release|x86.Build.0 = Release|Any CPU
		{F6CDB0BF-0157-4982-9DA5-D6DC49607ACB}.Debug|Any CPU.ActiveCfg = Debug|Any CPU
		{F6CDB0BF-0157-4982-9DA5-D6DC49607ACB}.Debug|Any CPU.Build.0 = Debug|Any CPU
		{F6CDB0BF-0157-4982-9DA5-D6DC49607ACB}.Debug|x86.ActiveCfg = Debug|Any CPU
		{F6CDB0BF-0157-4982-9DA5-D6DC49607ACB}.Debug|x86.Build.0 = Debug|Any CPU
		{F6CDB0BF-0157-4982-9DA5-D6DC49607ACB}.Release|Any CPU.ActiveCfg = Release|Any CPU
		{F6CDB0BF-0157-4982-9DA5-D6DC49607ACB}.Release|Any CPU.Build.0 = Release|Any CPU
		{F6CDB0BF-0157-4982-9DA5-D6DC49607ACB}.Release|x86.ActiveCfg = Release|Any CPU
		{F6CDB0BF-0157-4982-9DA5-D6DC49607ACB}.Release|x86.Build.0 = Release|Any CPU
		{02733603-9066-4E45-9ADF-A7AC4229A199}.Debug|Any CPU.ActiveCfg = Debug|Any CPU
		{02733603-9066-4E45-9ADF-A7AC4229A199}.Debug|Any CPU.Build.0 = Debug|Any CPU
		{02733603-9066-4E45-9ADF-A7AC4229A199}.Debug|x86.ActiveCfg = Debug|Any CPU
		{02733603-9066-4E45-9ADF-A7AC4229A199}.Debug|x86.Build.0 = Debug|Any CPU
		{02733603-9066-4E45-9ADF-A7AC4229A199}.Release|Any CPU.ActiveCfg = Release|Any CPU
		{02733603-9066-4E45-9ADF-A7AC4229A199}.Release|Any CPU.Build.0 = Release|Any CPU
		{02733603-9066-4E45-9ADF-A7AC4229A199}.Release|x86.ActiveCfg = Release|Any CPU
		{02733603-9066-4E45-9ADF-A7AC4229A199}.Release|x86.Build.0 = Release|Any CPU
		{B9ECB514-DF25-4807-9A71-367F44CAA2F2}.Debug|Any CPU.ActiveCfg = Debug|Any CPU
		{B9ECB514-DF25-4807-9A71-367F44CAA2F2}.Debug|Any CPU.Build.0 = Debug|Any CPU
		{B9ECB514-DF25-4807-9A71-367F44CAA2F2}.Debug|x86.ActiveCfg = Debug|Any CPU
		{B9ECB514-DF25-4807-9A71-367F44CAA2F2}.Debug|x86.Build.0 = Debug|Any CPU
		{B9ECB514-DF25-4807-9A71-367F44CAA2F2}.Release|Any CPU.ActiveCfg = Release|Any CPU
		{B9ECB514-DF25-4807-9A71-367F44CAA2F2}.Release|Any CPU.Build.0 = Release|Any CPU
		{B9ECB514-DF25-4807-9A71-367F44CAA2F2}.Release|x86.ActiveCfg = Release|Any CPU
		{B9ECB514-DF25-4807-9A71-367F44CAA2F2}.Release|x86.Build.0 = Release|Any CPU
		{CF7C3007-0889-4379-AFCF-25DC35EB7A66}.Debug|Any CPU.ActiveCfg = Debug|Any CPU
		{CF7C3007-0889-4379-AFCF-25DC35EB7A66}.Debug|Any CPU.Build.0 = Debug|Any CPU
		{CF7C3007-0889-4379-AFCF-25DC35EB7A66}.Debug|x86.ActiveCfg = Debug|Any CPU
		{CF7C3007-0889-4379-AFCF-25DC35EB7A66}.Debug|x86.Build.0 = Debug|Any CPU
		{CF7C3007-0889-4379-AFCF-25DC35EB7A66}.Release|Any CPU.ActiveCfg = Release|Any CPU
		{CF7C3007-0889-4379-AFCF-25DC35EB7A66}.Release|Any CPU.Build.0 = Release|Any CPU
		{CF7C3007-0889-4379-AFCF-25DC35EB7A66}.Release|x86.ActiveCfg = Release|Any CPU
		{CF7C3007-0889-4379-AFCF-25DC35EB7A66}.Release|x86.Build.0 = Release|Any CPU
		{A3D89EC5-4F9E-41E6-8F0F-42573CD5FABE}.Debug|Any CPU.ActiveCfg = Debug|Any CPU
		{A3D89EC5-4F9E-41E6-8F0F-42573CD5FABE}.Debug|Any CPU.Build.0 = Debug|Any CPU
		{A3D89EC5-4F9E-41E6-8F0F-42573CD5FABE}.Debug|x86.ActiveCfg = Debug|Any CPU
		{A3D89EC5-4F9E-41E6-8F0F-42573CD5FABE}.Debug|x86.Build.0 = Debug|Any CPU
		{A3D89EC5-4F9E-41E6-8F0F-42573CD5FABE}.Release|Any CPU.ActiveCfg = Release|Any CPU
		{A3D89EC5-4F9E-41E6-8F0F-42573CD5FABE}.Release|Any CPU.Build.0 = Release|Any CPU
		{A3D89EC5-4F9E-41E6-8F0F-42573CD5FABE}.Release|x86.ActiveCfg = Release|Any CPU
		{A3D89EC5-4F9E-41E6-8F0F-42573CD5FABE}.Release|x86.Build.0 = Release|Any CPU
		{237B994E-A1B1-4595-B9B4-77A8A9741258}.Debug|Any CPU.ActiveCfg = Debug|Any CPU
		{237B994E-A1B1-4595-B9B4-77A8A9741258}.Debug|Any CPU.Build.0 = Debug|Any CPU
		{237B994E-A1B1-4595-B9B4-77A8A9741258}.Debug|x86.ActiveCfg = Debug|Any CPU
		{237B994E-A1B1-4595-B9B4-77A8A9741258}.Debug|x86.Build.0 = Debug|Any CPU
		{237B994E-A1B1-4595-B9B4-77A8A9741258}.Release|Any CPU.ActiveCfg = Release|Any CPU
		{237B994E-A1B1-4595-B9B4-77A8A9741258}.Release|Any CPU.Build.0 = Release|Any CPU
		{237B994E-A1B1-4595-B9B4-77A8A9741258}.Release|x86.ActiveCfg = Release|Any CPU
		{237B994E-A1B1-4595-B9B4-77A8A9741258}.Release|x86.Build.0 = Release|Any CPU
		{32566DFC-6194-4BCC-AA1E-635D10FE579C}.Debug|Any CPU.ActiveCfg = Debug|Any CPU
		{32566DFC-6194-4BCC-AA1E-635D10FE579C}.Debug|Any CPU.Build.0 = Debug|Any CPU
		{32566DFC-6194-4BCC-AA1E-635D10FE579C}.Debug|x86.ActiveCfg = Debug|Any CPU
		{32566DFC-6194-4BCC-AA1E-635D10FE579C}.Debug|x86.Build.0 = Debug|Any CPU
		{32566DFC-6194-4BCC-AA1E-635D10FE579C}.Release|Any CPU.ActiveCfg = Release|Any CPU
		{32566DFC-6194-4BCC-AA1E-635D10FE579C}.Release|Any CPU.Build.0 = Release|Any CPU
		{32566DFC-6194-4BCC-AA1E-635D10FE579C}.Release|x86.ActiveCfg = Release|Any CPU
		{32566DFC-6194-4BCC-AA1E-635D10FE579C}.Release|x86.Build.0 = Release|Any CPU
		{3C866938-FE0F-48EF-A376-BD7837531FE2}.Debug|Any CPU.ActiveCfg = Debug|Any CPU
		{3C866938-FE0F-48EF-A376-BD7837531FE2}.Debug|Any CPU.Build.0 = Debug|Any CPU
		{3C866938-FE0F-48EF-A376-BD7837531FE2}.Debug|x86.ActiveCfg = Debug|Any CPU
		{3C866938-FE0F-48EF-A376-BD7837531FE2}.Debug|x86.Build.0 = Debug|Any CPU
		{3C866938-FE0F-48EF-A376-BD7837531FE2}.Release|Any CPU.ActiveCfg = Release|Any CPU
		{3C866938-FE0F-48EF-A376-BD7837531FE2}.Release|Any CPU.Build.0 = Release|Any CPU
		{3C866938-FE0F-48EF-A376-BD7837531FE2}.Release|x86.ActiveCfg = Release|Any CPU
		{3C866938-FE0F-48EF-A376-BD7837531FE2}.Release|x86.Build.0 = Release|Any CPU
		{A344B434-804E-4CAF-84DB-52C17534BE5F}.Debug|Any CPU.ActiveCfg = Debug|Any CPU
		{A344B434-804E-4CAF-84DB-52C17534BE5F}.Debug|Any CPU.Build.0 = Debug|Any CPU
		{A344B434-804E-4CAF-84DB-52C17534BE5F}.Debug|x86.ActiveCfg = Debug|Any CPU
		{A344B434-804E-4CAF-84DB-52C17534BE5F}.Debug|x86.Build.0 = Debug|Any CPU
		{A344B434-804E-4CAF-84DB-52C17534BE5F}.Release|Any CPU.ActiveCfg = Release|Any CPU
		{A344B434-804E-4CAF-84DB-52C17534BE5F}.Release|Any CPU.Build.0 = Release|Any CPU
		{A344B434-804E-4CAF-84DB-52C17534BE5F}.Release|x86.ActiveCfg = Release|Any CPU
		{A344B434-804E-4CAF-84DB-52C17534BE5F}.Release|x86.Build.0 = Release|Any CPU
		{0E8F02BD-FEF9-47FF-BDC8-AEE5C388ACD5}.Debug|Any CPU.ActiveCfg = Debug|Any CPU
		{0E8F02BD-FEF9-47FF-BDC8-AEE5C388ACD5}.Debug|Any CPU.Build.0 = Debug|Any CPU
		{0E8F02BD-FEF9-47FF-BDC8-AEE5C388ACD5}.Debug|x86.ActiveCfg = Debug|Any CPU
		{0E8F02BD-FEF9-47FF-BDC8-AEE5C388ACD5}.Debug|x86.Build.0 = Debug|Any CPU
		{0E8F02BD-FEF9-47FF-BDC8-AEE5C388ACD5}.Release|Any CPU.ActiveCfg = Release|Any CPU
		{0E8F02BD-FEF9-47FF-BDC8-AEE5C388ACD5}.Release|Any CPU.Build.0 = Release|Any CPU
		{0E8F02BD-FEF9-47FF-BDC8-AEE5C388ACD5}.Release|x86.ActiveCfg = Release|Any CPU
		{0E8F02BD-FEF9-47FF-BDC8-AEE5C388ACD5}.Release|x86.Build.0 = Release|Any CPU
		{AF237770-2B3E-4404-BB14-5632E06BA8A5}.Debug|Any CPU.ActiveCfg = Debug|Any CPU
		{AF237770-2B3E-4404-BB14-5632E06BA8A5}.Debug|Any CPU.Build.0 = Debug|Any CPU
		{AF237770-2B3E-4404-BB14-5632E06BA8A5}.Debug|x86.ActiveCfg = Debug|Any CPU
		{AF237770-2B3E-4404-BB14-5632E06BA8A5}.Debug|x86.Build.0 = Debug|Any CPU
		{AF237770-2B3E-4404-BB14-5632E06BA8A5}.Release|Any CPU.ActiveCfg = Release|Any CPU
		{AF237770-2B3E-4404-BB14-5632E06BA8A5}.Release|Any CPU.Build.0 = Release|Any CPU
		{AF237770-2B3E-4404-BB14-5632E06BA8A5}.Release|x86.ActiveCfg = Release|Any CPU
		{AF237770-2B3E-4404-BB14-5632E06BA8A5}.Release|x86.Build.0 = Release|Any CPU
		{9AE0218F-7912-4B14-819C-36F19DB6C8AE}.Debug|Any CPU.ActiveCfg = Debug|Any CPU
		{9AE0218F-7912-4B14-819C-36F19DB6C8AE}.Debug|Any CPU.Build.0 = Debug|Any CPU
		{9AE0218F-7912-4B14-819C-36F19DB6C8AE}.Debug|x86.ActiveCfg = Debug|Any CPU
		{9AE0218F-7912-4B14-819C-36F19DB6C8AE}.Debug|x86.Build.0 = Debug|Any CPU
		{9AE0218F-7912-4B14-819C-36F19DB6C8AE}.Release|Any CPU.ActiveCfg = Release|Any CPU
		{9AE0218F-7912-4B14-819C-36F19DB6C8AE}.Release|Any CPU.Build.0 = Release|Any CPU
		{9AE0218F-7912-4B14-819C-36F19DB6C8AE}.Release|x86.ActiveCfg = Release|Any CPU
		{9AE0218F-7912-4B14-819C-36F19DB6C8AE}.Release|x86.Build.0 = Release|Any CPU
		{69AED4C0-0C45-4C29-B3B7-E2B76CFADBB7}.Debug|Any CPU.ActiveCfg = Debug|Any CPU
		{69AED4C0-0C45-4C29-B3B7-E2B76CFADBB7}.Debug|Any CPU.Build.0 = Debug|Any CPU
		{69AED4C0-0C45-4C29-B3B7-E2B76CFADBB7}.Debug|x86.ActiveCfg = Debug|Any CPU
		{69AED4C0-0C45-4C29-B3B7-E2B76CFADBB7}.Debug|x86.Build.0 = Debug|Any CPU
		{69AED4C0-0C45-4C29-B3B7-E2B76CFADBB7}.Release|Any CPU.ActiveCfg = Release|Any CPU
		{69AED4C0-0C45-4C29-B3B7-E2B76CFADBB7}.Release|Any CPU.Build.0 = Release|Any CPU
		{69AED4C0-0C45-4C29-B3B7-E2B76CFADBB7}.Release|x86.ActiveCfg = Release|Any CPU
		{69AED4C0-0C45-4C29-B3B7-E2B76CFADBB7}.Release|x86.Build.0 = Release|Any CPU
		{31B79A35-7097-4FA2-9CE9-85DFAF130780}.Debug|Any CPU.ActiveCfg = Debug|Any CPU
		{31B79A35-7097-4FA2-9CE9-85DFAF130780}.Debug|Any CPU.Build.0 = Debug|Any CPU
		{31B79A35-7097-4FA2-9CE9-85DFAF130780}.Debug|x86.ActiveCfg = Debug|Any CPU
		{31B79A35-7097-4FA2-9CE9-85DFAF130780}.Debug|x86.Build.0 = Debug|Any CPU
		{31B79A35-7097-4FA2-9CE9-85DFAF130780}.Release|Any CPU.ActiveCfg = Release|Any CPU
		{31B79A35-7097-4FA2-9CE9-85DFAF130780}.Release|Any CPU.Build.0 = Release|Any CPU
		{31B79A35-7097-4FA2-9CE9-85DFAF130780}.Release|x86.ActiveCfg = Release|Any CPU
		{31B79A35-7097-4FA2-9CE9-85DFAF130780}.Release|x86.Build.0 = Release|Any CPU
	EndGlobalSection
	GlobalSection(SolutionProperties) = preSolution
		HideSolutionNode = FALSE
	EndGlobalSection
	GlobalSection(ExtensibilityGlobals) = postSolution
		SolutionGuid = {D538A86E-6251-4187-B2F2-8A9F54190142}
	EndGlobalSection
EndGlobal
